
Microsoft Visual Studio Solution File, Format Version 12.00
# Visual Studio Version 16
VisualStudioVersion = 16.0.29806.167
MinimumVisualStudioVersion = 10.0.40219.1
Project("{2150E333-8FDC-42A3-9474-1A3956D46DE8}") = "Api", "Api", "{DBF99A3E-8534-4DD8-870B-46CDFE8F0AF5}"
EndProject
Project("{FAE04EC0-301F-11D3-BF4B-00C04F79EFBC}") = "PGManagement.Api", "PGManagement.Api\PGManagement.Api.csproj", "{EAE0CF3F-EA8F-43EA-8E4B-B7A3447EB129}"
EndProject
Project("{2150E333-8FDC-42A3-9474-1A3956D46DE8}") = "Core", "Core", "{FBF8ECBA-9A05-472B-AE58-6A38373EFF35}"
EndProject
Project("{FAE04EC0-301F-11D3-BF4B-00C04F79EFBC}") = "PGManagement.Infrastructure", "PGManagement.Infrastructure\PGManagement.Infrastructure.csproj", "{7C8AEAB7-BD1C-4D6C-B996-42B2B5F053C2}"
EndProject
Project("{2150E333-8FDC-42A3-9474-1A3956D46DE8}") = "Domain", "Domain", "{6AEF12FB-650C-4C5A-A796-3708432089A8}"
EndProject
Project("{FAE04EC0-301F-11D3-BF4B-00C04F79EFBC}") = "PGManagement.Domain", "PGManagement.Domain\PGManagement.Domain.csproj", "{AB9BD8D9-20AE-4AA0-BECB-010E9955C9D3}"
EndProject
Project("{FAE04EC0-301F-11D3-BF4B-00C04F79EFBC}") = "PGManagement.BoundedContext", "PGManagement.BoundedContext\PGManagement.BoundedContext.csproj", "{E9198820-EF24-4117-B465-ED59E8EB73D9}"
EndProject
Project("{FAE04EC0-301F-11D3-BF4B-00C04F79EFBC}") = "PGManagement.UnitOfWork", "PGManagement.UnitOfWork\PGManagement.UnitOfWork.csproj", "{46E792DB-65F9-49D5-BC64-E35F50B07B68}"
EndProject
Project("{2150E333-8FDC-42A3-9474-1A3956D46DE8}") = "Models", "Models", "{B7F47112-F93B-4C87-A18D-E1711FA7AA25}"
EndProject
Project("{FAE04EC0-301F-11D3-BF4B-00C04F79EFBC}") = "PGManagement.Models", "PGManagement.Models\PGManagement.Models.csproj", "{ADCD234C-4E46-4A52-8EE4-98C99EC6F0E8}"
EndProject
Global
	GlobalSection(SolutionConfigurationPlatforms) = preSolution
		Debug|Any CPU = Debug|Any CPU
		Release|Any CPU = Release|Any CPU
	EndGlobalSection
	GlobalSection(ProjectConfigurationPlatforms) = postSolution
		{EAE0CF3F-EA8F-43EA-8E4B-B7A3447EB129}.Debug|Any CPU.ActiveCfg = Debug|Any CPU
		{EAE0CF3F-EA8F-43EA-8E4B-B7A3447EB129}.Debug|Any CPU.Build.0 = Debug|Any CPU
		{EAE0CF3F-EA8F-43EA-8E4B-B7A3447EB129}.Release|Any CPU.ActiveCfg = Release|Any CPU
		{EAE0CF3F-EA8F-43EA-8E4B-B7A3447EB129}.Release|Any CPU.Build.0 = Release|Any CPU
		{7C8AEAB7-BD1C-4D6C-B996-42B2B5F053C2}.Debug|Any CPU.ActiveCfg = Debug|Any CPU
		{7C8AEAB7-BD1C-4D6C-B996-42B2B5F053C2}.Debug|Any CPU.Build.0 = Debug|Any CPU
		{7C8AEAB7-BD1C-4D6C-B996-42B2B5F053C2}.Release|Any CPU.ActiveCfg = Release|Any CPU
		{7C8AEAB7-BD1C-4D6C-B996-42B2B5F053C2}.Release|Any CPU.Build.0 = Release|Any CPU
		{AB9BD8D9-20AE-4AA0-BECB-010E9955C9D3}.Debug|Any CPU.ActiveCfg = Debug|Any CPU
		{AB9BD8D9-20AE-4AA0-BECB-010E9955C9D3}.Debug|Any CPU.Build.0 = Debug|Any CPU
		{AB9BD8D9-20AE-4AA0-BECB-010E9955C9D3}.Release|Any CPU.ActiveCfg = Release|Any CPU
		{AB9BD8D9-20AE-4AA0-BECB-010E9955C9D3}.Release|Any CPU.Build.0 = Release|Any CPU
		{E9198820-EF24-4117-B465-ED59E8EB73D9}.Debug|Any CPU.ActiveCfg = Debug|Any CPU
		{E9198820-EF24-4117-B465-ED59E8EB73D9}.Debug|Any CPU.Build.0 = Debug|Any CPU
		{E9198820-EF24-4117-B465-ED59E8EB73D9}.Release|Any CPU.ActiveCfg = Release|Any CPU
		{E9198820-EF24-4117-B465-ED59E8EB73D9}.Release|Any CPU.Build.0 = Release|Any CPU
		{46E792DB-65F9-49D5-BC64-E35F50B07B68}.Debug|Any CPU.ActiveCfg = Debug|Any CPU
		{46E792DB-65F9-49D5-BC64-E35F50B07B68}.Debug|Any CPU.Build.0 = Debug|Any CPU
		{46E792DB-65F9-49D5-BC64-E35F50B07B68}.Release|Any CPU.ActiveCfg = Release|Any CPU
		{46E792DB-65F9-49D5-BC64-E35F50B07B68}.Release|Any CPU.Build.0 = Release|Any CPU
		{ADCD234C-4E46-4A52-8EE4-98C99EC6F0E8}.Debug|Any CPU.ActiveCfg = Debug|Any CPU
		{ADCD234C-4E46-4A52-8EE4-98C99EC6F0E8}.Debug|Any CPU.Build.0 = Debug|Any CPU
		{ADCD234C-4E46-4A52-8EE4-98C99EC6F0E8}.Release|Any CPU.ActiveCfg = Release|Any CPU
		{ADCD234C-4E46-4A52-8EE4-98C99EC6F0E8}.Release|Any CPU.Build.0 = Release|Any CPU
	EndGlobalSection
	GlobalSection(SolutionProperties) = preSolution
		HideSolutionNode = FALSE
	EndGlobalSection
	GlobalSection(NestedProjects) = preSolution
		{EAE0CF3F-EA8F-43EA-8E4B-B7A3447EB129} = {DBF99A3E-8534-4DD8-870B-46CDFE8F0AF5}
		{7C8AEAB7-BD1C-4D6C-B996-42B2B5F053C2} = {FBF8ECBA-9A05-472B-AE58-6A38373EFF35}
		{AB9BD8D9-20AE-4AA0-BECB-010E9955C9D3} = {6AEF12FB-650C-4C5A-A796-3708432089A8}
		{E9198820-EF24-4117-B465-ED59E8EB73D9} = {6AEF12FB-650C-4C5A-A796-3708432089A8}
		{46E792DB-65F9-49D5-BC64-E35F50B07B68} = {6AEF12FB-650C-4C5A-A796-3708432089A8}
		{ADCD234C-4E46-4A52-8EE4-98C99EC6F0E8} = {B7F47112-F93B-4C87-A18D-E1711FA7AA25}
	EndGlobalSection
	GlobalSection(ExtensibilityGlobals) = postSolution
		SolutionGuid = {59E4CEF3-F02A-4DC5-9931-B40CA3143F0E}
	EndGlobalSection
EndGlobal
